
Microsoft Visual Studio Solution File, Format Version 12.00
# Visual Studio Version 16
VisualStudioVersion = 16.0.30717.126
MinimumVisualStudioVersion = 10.0.40219.1
Project("{FAE04EC0-301F-11D3-BF4B-00C04F79EFBC}") = "DersProva.Android", "DersProva\DersProva.Android\DersProva.Android.csproj", "{84A8F720-E851-4C67-BB6B-6274A9C68BCC}"
EndProject
Project("{FAE04EC0-301F-11D3-BF4B-00C04F79EFBC}") = "DersProva.iOS", "DersProva\DersProva.iOS\DersProva.iOS.csproj", "{6019F60A-3327-4DF1-988A-4AF112219C9F}"
EndProject
Project("{FAE04EC0-301F-11D3-BF4B-00C04F79EFBC}") = "DersProva", "DersProva\DersProva\DersProva.csproj", "{43ACF201-AEB9-4C98-8D94-DFCE84019EBC}"
EndProject
Global
	GlobalSection(SolutionConfigurationPlatforms) = preSolution
		Debug|Any CPU = Debug|Any CPU
		Debug|iPhone = Debug|iPhone
		Debug|iPhoneSimulator = Debug|iPhoneSimulator
		Release|Any CPU = Release|Any CPU
		Release|iPhone = Release|iPhone
		Release|iPhoneSimulator = Release|iPhoneSimulator
	EndGlobalSection
	GlobalSection(ProjectConfigurationPlatforms) = postSolution
		{84A8F720-E851-4C67-BB6B-6274A9C68BCC}.Debug|Any CPU.ActiveCfg = Debug|Any CPU
		{84A8F720-E851-4C67-BB6B-6274A9C68BCC}.Debug|Any CPU.Build.0 = Debug|Any CPU
		{84A8F720-E851-4C67-BB6B-6274A9C68BCC}.Debug|Any CPU.Deploy.0 = Debug|Any CPU
		{84A8F720-E851-4C67-BB6B-6274A9C68BCC}.Debug|iPhone.ActiveCfg = Debug|Any CPU
		{84A8F720-E851-4C67-BB6B-6274A9C68BCC}.Debug|iPhone.Build.0 = Debug|Any CPU
		{84A8F720-E851-4C67-BB6B-6274A9C68BCC}.Debug|iPhone.Deploy.0 = Debug|Any CPU
		{84A8F720-E851-4C67-BB6B-6274A9C68BCC}.Debug|iPhoneSimulator.ActiveCfg = Debug|Any CPU
		{84A8F720-E851-4C67-BB6B-6274A9C68BCC}.Debug|iPhoneSimulator.Build.0 = Debug|Any CPU
		{84A8F720-E851-4C67-BB6B-6274A9C68BCC}.Debug|iPhoneSimulator.Deploy.0 = Debug|Any CPU
		{84A8F720-E851-4C67-BB6B-6274A9C68BCC}.Release|Any CPU.ActiveCfg = Release|Any CPU
		{84A8F720-E851-4C67-BB6B-6274A9C68BCC}.Release|Any CPU.Build.0 = Release|Any CPU
		{84A8F720-E851-4C67-BB6B-6274A9C68BCC}.Release|Any CPU.Deploy.0 = Release|Any CPU
		{84A8F720-E851-4C67-BB6B-6274A9C68BCC}.Release|iPhone.ActiveCfg = Release|Any CPU
		{84A8F720-E851-4C67-BB6B-6274A9C68BCC}.Release|iPhone.Build.0 = Release|Any CPU
		{84A8F720-E851-4C67-BB6B-6274A9C68BCC}.Release|iPhone.Deploy.0 = Release|Any CPU
		{84A8F720-E851-4C67-BB6B-6274A9C68BCC}.Release|iPhoneSimulator.ActiveCfg = Release|Any CPU
		{84A8F720-E851-4C67-BB6B-6274A9C68BCC}.Release|iPhoneSimulator.Build.0 = Release|Any CPU
		{84A8F720-E851-4C67-BB6B-6274A9C68BCC}.Release|iPhoneSimulator.Deploy.0 = Release|Any CPU
		{6019F60A-3327-4DF1-988A-4AF112219C9F}.Debug|Any CPU.ActiveCfg = Debug|iPhone
		{6019F60A-3327-4DF1-988A-4AF112219C9F}.Debug|Any CPU.Build.0 = Debug|iPhone
		{6019F60A-3327-4DF1-988A-4AF112219C9F}.Debug|Any CPU.Deploy.0 = Debug|iPhone
		{6019F60A-3327-4DF1-988A-4AF112219C9F}.Debug|iPhone.ActiveCfg = Debug|iPhone
		{6019F60A-3327-4DF1-988A-4AF112219C9F}.Debug|iPhone.Build.0 = Debug|iPhone
		{6019F60A-3327-4DF1-988A-4AF112219C9F}.Debug|iPhone.Deploy.0 = Debug|iPhone
		{6019F60A-3327-4DF1-988A-4AF112219C9F}.Debug|iPhoneSimulator.ActiveCfg = Debug|iPhoneSimulator
		{6019F60A-3327-4DF1-988A-4AF112219C9F}.Debug|iPhoneSimulator.Build.0 = Debug|iPhoneSimulator
		{6019F60A-3327-4DF1-988A-4AF112219C9F}.Debug|iPhoneSimulator.Deploy.0 = Debug|iPhoneSimulator
		{6019F60A-3327-4DF1-988A-4AF112219C9F}.Release|Any CPU.ActiveCfg = Release|iPhoneSimulator
		{6019F60A-3327-4DF1-988A-4AF112219C9F}.Release|Any CPU.Build.0 = Release|iPhoneSimulator
		{6019F60A-3327-4DF1-988A-4AF112219C9F}.Release|Any CPU.Deploy.0 = Release|iPhoneSimulator
		{6019F60A-3327-4DF1-988A-4AF112219C9F}.Release|iPhone.ActiveCfg = Release|iPhone
		{6019F60A-3327-4DF1-988A-4AF112219C9F}.Release|iPhone.Build.0 = Release|iPhone
		{6019F60A-3327-4DF1-988A-4AF112219C9F}.Release|iPhone.Deploy.0 = Release|iPhone
		{6019F60A-3327-4DF1-988A-4AF112219C9F}.Release|iPhoneSimulator.ActiveCfg = Release|iPhoneSimulator
		{6019F60A-3327-4DF1-988A-4AF112219C9F}.Release|iPhoneSimulator.Build.0 = Release|iPhoneSimulator
		{6019F60A-3327-4DF1-988A-4AF112219C9F}.Release|iPhoneSimulator.Deploy.0 = Release|iPhoneSimulator
		{43ACF201-AEB9-4C98-8D94-DFCE84019EBC}.Debug|Any CPU.ActiveCfg = Debug|Any CPU
		{43ACF201-AEB9-4C98-8D94-DFCE84019EBC}.Debug|Any CPU.Build.0 = Debug|Any CPU
		{43ACF201-AEB9-4C98-8D94-DFCE84019EBC}.Debug|Any CPU.Deploy.0 = Debug|Any CPU
		{43ACF201-AEB9-4C98-8D94-DFCE84019EBC}.Debug|iPhone.ActiveCfg = Debug|Any CPU
		{43ACF201-AEB9-4C98-8D94-DFCE84019EBC}.Debug|iPhone.Build.0 = Debug|Any CPU
		{43ACF201-AEB9-4C98-8D94-DFCE84019EBC}.Debug|iPhone.Deploy.0 = Debug|Any CPU
		{43ACF201-AEB9-4C98-8D94-DFCE84019EBC}.Debug|iPhoneSimulator.ActiveCfg = Debug|Any CPU
		{43ACF201-AEB9-4C98-8D94-DFCE84019EBC}.Debug|iPhoneSimulator.Build.0 = Debug|Any CPU
		{43ACF201-AEB9-4C98-8D94-DFCE84019EBC}.Debug|iPhoneSimulator.Deploy.0 = Debug|Any CPU
		{43ACF201-AEB9-4C98-8D94-DFCE84019EBC}.Release|Any CPU.ActiveCfg = Release|Any CPU
		{43ACF201-AEB9-4C98-8D94-DFCE84019EBC}.Release|Any CPU.Build.0 = Release|Any CPU
		{43ACF201-AEB9-4C98-8D94-DFCE84019EBC}.Release|Any CPU.Deploy.0 = Release|Any CPU
		{43ACF201-AEB9-4C98-8D94-DFCE84019EBC}.Release|iPhone.ActiveCfg = Release|Any CPU
		{43ACF201-AEB9-4C98-8D94-DFCE84019EBC}.Release|iPhone.Build.0 = Release|Any CPU
		{43ACF201-AEB9-4C98-8D94-DFCE84019EBC}.Release|iPhone.Deploy.0 = Release|Any CPU
		{43ACF201-AEB9-4C98-8D94-DFCE84019EBC}.Release|iPhoneSimulator.ActiveCfg = Release|Any CPU
		{43ACF201-AEB9-4C98-8D94-DFCE84019EBC}.Release|iPhoneSimulator.Build.0 = Release|Any CPU
		{43ACF201-AEB9-4C98-8D94-DFCE84019EBC}.Release|iPhoneSimulator.Deploy.0 = Release|Any CPU
	EndGlobalSection
	GlobalSection(SolutionProperties) = preSolution
		HideSolutionNode = FALSE
	EndGlobalSection
	GlobalSection(ExtensibilityGlobals) = postSolution
		SolutionGuid = {BAC23CD2-50E6-4330-9832-F1FA1CAE2A13}
	EndGlobalSection
EndGlobal
