
Microsoft Visual Studio Solution File, Format Version 12.00
# Visual Studio Version 16
VisualStudioVersion = 16.0.30717.126
MinimumVisualStudioVersion = 10.0.40219.1
Project("{FAE04EC0-301F-11D3-BF4B-00C04F79EFBC}") = "LinqTemelleri1", "LinqTemelleri1\LinqTemelleri1.csproj", "{5430BD0C-59B0-4127-B5F9-7A3F4BCB04F6}"
EndProject
Global
	GlobalSection(SolutionConfigurationPlatforms) = preSolution
		Debug|Any CPU = Debug|Any CPU
		Release|Any CPU = Release|Any CPU
	EndGlobalSection
	GlobalSection(ProjectConfigurationPlatforms) = postSolution
		{5430BD0C-59B0-4127-B5F9-7A3F4BCB04F6}.Debug|Any CPU.ActiveCfg = Debug|Any CPU
		{5430BD0C-59B0-4127-B5F9-7A3F4BCB04F6}.Debug|Any CPU.Build.0 = Debug|Any CPU
		{5430BD0C-59B0-4127-B5F9-7A3F4BCB04F6}.Release|Any CPU.ActiveCfg = Release|Any CPU
		{5430BD0C-59B0-4127-B5F9-7A3F4BCB04F6}.Release|Any CPU.Build.0 = Release|Any CPU
	EndGlobalSection
	GlobalSection(SolutionProperties) = preSolution
		HideSolutionNode = FALSE
	EndGlobalSection
	GlobalSection(ExtensibilityGlobals) = postSolution
		SolutionGuid = {8342417E-A51A-43F7-9DBB-90FC92288C60}
	EndGlobalSection
EndGlobal
