
Microsoft Visual Studio Solution File, Format Version 12.00
# Visual Studio Version 16
VisualStudioVersion = 16.0.30717.126
MinimumVisualStudioVersion = 10.0.40219.1
Project("{FAE04EC0-301F-11D3-BF4B-00C04F79EFBC}") = "SearchBarDersi.Android", "SearchBarDersi\SearchBarDersi.Android\SearchBarDersi.Android.csproj", "{8D1A5709-A3AA-4048-B5C6-660252C4D537}"
EndProject
Project("{FAE04EC0-301F-11D3-BF4B-00C04F79EFBC}") = "SearchBarDersi.iOS", "SearchBarDersi\SearchBarDersi.iOS\SearchBarDersi.iOS.csproj", "{F080E4FE-DAD5-459C-A3AA-3B92ADF6BBDB}"
EndProject
Project("{FAE04EC0-301F-11D3-BF4B-00C04F79EFBC}") = "SearchBarDersi", "SearchBarDersi\SearchBarDersi\SearchBarDersi.csproj", "{F44646DE-2743-4D63-9DDA-F953E01C450E}"
EndProject
Global
	GlobalSection(SolutionConfigurationPlatforms) = preSolution
		Debug|Any CPU = Debug|Any CPU
		Debug|iPhone = Debug|iPhone
		Debug|iPhoneSimulator = Debug|iPhoneSimulator
		Release|Any CPU = Release|Any CPU
		Release|iPhone = Release|iPhone
		Release|iPhoneSimulator = Release|iPhoneSimulator
	EndGlobalSection
	GlobalSection(ProjectConfigurationPlatforms) = postSolution
		{8D1A5709-A3AA-4048-B5C6-660252C4D537}.Debug|Any CPU.ActiveCfg = Debug|Any CPU
		{8D1A5709-A3AA-4048-B5C6-660252C4D537}.Debug|Any CPU.Build.0 = Debug|Any CPU
		{8D1A5709-A3AA-4048-B5C6-660252C4D537}.Debug|Any CPU.Deploy.0 = Debug|Any CPU
		{8D1A5709-A3AA-4048-B5C6-660252C4D537}.Debug|iPhone.ActiveCfg = Debug|Any CPU
		{8D1A5709-A3AA-4048-B5C6-660252C4D537}.Debug|iPhone.Build.0 = Debug|Any CPU
		{8D1A5709-A3AA-4048-B5C6-660252C4D537}.Debug|iPhone.Deploy.0 = Debug|Any CPU
		{8D1A5709-A3AA-4048-B5C6-660252C4D537}.Debug|iPhoneSimulator.ActiveCfg = Debug|Any CPU
		{8D1A5709-A3AA-4048-B5C6-660252C4D537}.Debug|iPhoneSimulator.Build.0 = Debug|Any CPU
		{8D1A5709-A3AA-4048-B5C6-660252C4D537}.Debug|iPhoneSimulator.Deploy.0 = Debug|Any CPU
		{8D1A5709-A3AA-4048-B5C6-660252C4D537}.Release|Any CPU.ActiveCfg = Release|Any CPU
		{8D1A5709-A3AA-4048-B5C6-660252C4D537}.Release|Any CPU.Build.0 = Release|Any CPU
		{8D1A5709-A3AA-4048-B5C6-660252C4D537}.Release|Any CPU.Deploy.0 = Release|Any CPU
		{8D1A5709-A3AA-4048-B5C6-660252C4D537}.Release|iPhone.ActiveCfg = Release|Any CPU
		{8D1A5709-A3AA-4048-B5C6-660252C4D537}.Release|iPhone.Build.0 = Release|Any CPU
		{8D1A5709-A3AA-4048-B5C6-660252C4D537}.Release|iPhone.Deploy.0 = Release|Any CPU
		{8D1A5709-A3AA-4048-B5C6-660252C4D537}.Release|iPhoneSimulator.ActiveCfg = Release|Any CPU
		{8D1A5709-A3AA-4048-B5C6-660252C4D537}.Release|iPhoneSimulator.Build.0 = Release|Any CPU
		{8D1A5709-A3AA-4048-B5C6-660252C4D537}.Release|iPhoneSimulator.Deploy.0 = Release|Any CPU
		{F080E4FE-DAD5-459C-A3AA-3B92ADF6BBDB}.Debug|Any CPU.ActiveCfg = Debug|iPhone
		{F080E4FE-DAD5-459C-A3AA-3B92ADF6BBDB}.Debug|Any CPU.Build.0 = Debug|iPhone
		{F080E4FE-DAD5-459C-A3AA-3B92ADF6BBDB}.Debug|Any CPU.Deploy.0 = Debug|iPhone
		{F080E4FE-DAD5-459C-A3AA-3B92ADF6BBDB}.Debug|iPhone.ActiveCfg = Debug|iPhone
		{F080E4FE-DAD5-459C-A3AA-3B92ADF6BBDB}.Debug|iPhone.Build.0 = Debug|iPhone
		{F080E4FE-DAD5-459C-A3AA-3B92ADF6BBDB}.Debug|iPhone.Deploy.0 = Debug|iPhone
		{F080E4FE-DAD5-459C-A3AA-3B92ADF6BBDB}.Debug|iPhoneSimulator.ActiveCfg = Debug|iPhoneSimulator
		{F080E4FE-DAD5-459C-A3AA-3B92ADF6BBDB}.Debug|iPhoneSimulator.Build.0 = Debug|iPhoneSimulator
		{F080E4FE-DAD5-459C-A3AA-3B92ADF6BBDB}.Debug|iPhoneSimulator.Deploy.0 = Debug|iPhoneSimulator
		{F080E4FE-DAD5-459C-A3AA-3B92ADF6BBDB}.Release|Any CPU.ActiveCfg = Release|iPhoneSimulator
		{F080E4FE-DAD5-459C-A3AA-3B92ADF6BBDB}.Release|Any CPU.Build.0 = Release|iPhoneSimulator
		{F080E4FE-DAD5-459C-A3AA-3B92ADF6BBDB}.Release|Any CPU.Deploy.0 = Release|iPhoneSimulator
		{F080E4FE-DAD5-459C-A3AA-3B92ADF6BBDB}.Release|iPhone.ActiveCfg = Release|iPhone
		{F080E4FE-DAD5-459C-A3AA-3B92ADF6BBDB}.Release|iPhone.Build.0 = Release|iPhone
		{F080E4FE-DAD5-459C-A3AA-3B92ADF6BBDB}.Release|iPhone.Deploy.0 = Release|iPhone
		{F080E4FE-DAD5-459C-A3AA-3B92ADF6BBDB}.Release|iPhoneSimulator.ActiveCfg = Release|iPhoneSimulator
		{F080E4FE-DAD5-459C-A3AA-3B92ADF6BBDB}.Release|iPhoneSimulator.Build.0 = Release|iPhoneSimulator
		{F080E4FE-DAD5-459C-A3AA-3B92ADF6BBDB}.Release|iPhoneSimulator.Deploy.0 = Release|iPhoneSimulator
		{F44646DE-2743-4D63-9DDA-F953E01C450E}.Debug|Any CPU.ActiveCfg = Debug|Any CPU
		{F44646DE-2743-4D63-9DDA-F953E01C450E}.Debug|Any CPU.Build.0 = Debug|Any CPU
		{F44646DE-2743-4D63-9DDA-F953E01C450E}.Debug|Any CPU.Deploy.0 = Debug|Any CPU
		{F44646DE-2743-4D63-9DDA-F953E01C450E}.Debug|iPhone.ActiveCfg = Debug|Any CPU
		{F44646DE-2743-4D63-9DDA-F953E01C450E}.Debug|iPhone.Build.0 = Debug|Any CPU
		{F44646DE-2743-4D63-9DDA-F953E01C450E}.Debug|iPhone.Deploy.0 = Debug|Any CPU
		{F44646DE-2743-4D63-9DDA-F953E01C450E}.Debug|iPhoneSimulator.ActiveCfg = Debug|Any CPU
		{F44646DE-2743-4D63-9DDA-F953E01C450E}.Debug|iPhoneSimulator.Build.0 = Debug|Any CPU
		{F44646DE-2743-4D63-9DDA-F953E01C450E}.Debug|iPhoneSimulator.Deploy.0 = Debug|Any CPU
		{F44646DE-2743-4D63-9DDA-F953E01C450E}.Release|Any CPU.ActiveCfg = Release|Any CPU
		{F44646DE-2743-4D63-9DDA-F953E01C450E}.Release|Any CPU.Build.0 = Release|Any CPU
		{F44646DE-2743-4D63-9DDA-F953E01C450E}.Release|Any CPU.Deploy.0 = Release|Any CPU
		{F44646DE-2743-4D63-9DDA-F953E01C450E}.Release|iPhone.ActiveCfg = Release|Any CPU
		{F44646DE-2743-4D63-9DDA-F953E01C450E}.Release|iPhone.Build.0 = Release|Any CPU
		{F44646DE-2743-4D63-9DDA-F953E01C450E}.Release|iPhone.Deploy.0 = Release|Any CPU
		{F44646DE-2743-4D63-9DDA-F953E01C450E}.Release|iPhoneSimulator.ActiveCfg = Release|Any CPU
		{F44646DE-2743-4D63-9DDA-F953E01C450E}.Release|iPhoneSimulator.Build.0 = Release|Any CPU
		{F44646DE-2743-4D63-9DDA-F953E01C450E}.Release|iPhoneSimulator.Deploy.0 = Release|Any CPU
	EndGlobalSection
	GlobalSection(SolutionProperties) = preSolution
		HideSolutionNode = FALSE
	EndGlobalSection
	GlobalSection(ExtensibilityGlobals) = postSolution
		SolutionGuid = {10BA71E2-9E60-4A61-AB8B-057E76A53B03}
	EndGlobalSection
EndGlobal
